{
  "name": "my-bahasa-gweh",
  "version": "0.1.2",
  "lockfileVersion": 3,
  "requires": true,
  "packages": {
    "": {
      "name": "my-bahasa-gweh",
      "version": "0.1.2",
      "bin": {
        "my-bahasa-gweh": "bin/my-bahasa-gweh.js"
      },
      "engines": {
        "node": ">=18"
      }
    }
  }
}
